github.com/google/uuid v1.1.1 h1:Gkbcsh/GbpXz7lPftLA3P6TYMwjCLYm83jiFQZF/3gY=
github.com/google/uuid v1.1.1/go.mod h1:TIyPZe4MgqvfeYDBFedMoGGpEw/LqOeaOT+nhxU+yHo=
github.com/kpango/fastime v1.0.8 h1:Wif5eocdsIXmMG+8HHfRP/jD6UUl+/OVTJ+sMzvA1+E=
github.com/kpango/fastime v1.0.8/go.mod h1:Y5XY5bLG5yc7g2XmMUzc22XYV1XaH+KgUOHkDvLp4SA=
github.com/kpango/fastime v1.0.16 h1:1prFG/3pTjzcDeCTxt98VB4IvjxcySLs0ldCEhZg0R8=
github.com/kpango/fastime v1.0.16/go.mod h1:lVqUTcXmQnk1wriyvq5DElbRSRDC0XtqbXQRdz0Eo+g=
github.com/kpango/glg v1.2.10 h1:/Zp8nzbWlONIucnYbHvqNC2ZTzyibAB/S9nE/zfdLtI=
github.com/kpango/glg v1.2.10/go.mod h1:VK6nyghBgjAig+nIlROLPDC8fiUQFvgfzgyX0jeUY4o=
github.com/kpango/glg v1.3.0 h1:77BWdR0kKkFloM2eSAr0A7lWvUyAIlOhj4LV5n2hrB8=
github.com/kpango/glg v1.3.0/go.mod h1:7zzaAoMqvngad+sagWLjr00EQMJaqyGONdg0WYBAO3M=
github.com/rs/xid v1.2.1 h1:mhH9Nq+C1fY2l1XIpgxIiUOfNpRBYH1kKcr+qfKgjRc=
github.com/rs/xid v1.2.1/go.mod h1:+uKXf+4Djp6Md1KODXJxgGQPKngRmWyn10oCKFzNHOQ=
github.com/satori/go.uuid v1.2.0 h1:0uYX9dsZ2yD7q2RtLRtPSdGDWzjeM3TbMJP9utgA0ww=
github.com/satori/go.uuid v1.2.0/go.mod h1:dA0hQrYB0VpLJoorglMZABFdXlWrHn1NEOzdhQKdks0=
