github.com/kpango/fastime v1.0.0/go.mod h1:Y5XY5bLG5yc7g2XmMUzc22XYV1XaH+KgUOHkDvLp4SA=
github.com/kpango/fastime v1.0.1 h1:vQEIc1BcsqoN2faGoZFw/GMGEQ1o378TXBGsejUwWqs=
github.com/kpango/fastime v1.0.1/go.mod h1:Y5XY5bLG5yc7g2XmMUzc22XYV1XaH+KgUOHkDvLp4SA=
github.com/kpango/glg v1.2.7 h1:aVnv89IIWXSFNOm93SnDQGIKF27Jzz9olieOL2b23Xc=
github.com/kpango/glg v1.2.7/go.mod h1:sEwy6Va116x0eKdbVsilHPanIrsoE9AR/9vHwdo4ytQ=
github.com/rs/xid v1.2.1 h1:mhH9Nq+C1fY2l1XIpgxIiUOfNpRBYH1kKcr+qfKgjRc=
github.com/rs/xid v1.2.1/go.mod h1:+uKXf+4Djp6Md1KODXJxgGQPKngRmWyn10oCKFzNHOQ=
